# THIS IS AN AUTOGENERATED FILE. DO NOT EDIT THIS FILE DIRECTLY.
# yarn lockfile v1


aframe-japanese-font@^0.1.1:
  version "0.1.1"
  resolved "https://registry.yarnpkg.com/aframe-japanese-font/-/aframe-japanese-font-0.1.1.tgz#9c73912dcafe5256f03294bae0e3ffe086cd67ad"
  integrity sha512-nis/nxluOGomnk6MZ/G4J7UUtQGeVtdW5RTk2LN4Q+bjpjmHeqUWMhPQtmgksLSIhKhm7oT/cySg7lEGcnxnuQ==
